// !$*UTF8*$!
{
	archiveVersion = 1;
	classes = {
	};
	objectVersion = 50;
	objects = {

/* Begin PBXBuildFile section */
		7637A60D22862B6B007DD20B /* BudgetStore.swift in Sources */ = {isa = PBXBuildFile; fileRef = 7637A60C22862B6B007DD20B /* BudgetStore.swift */; };
		7637A61022864DBF007DD20B /* Budget.storyboard in Resources */ = {isa = PBXBuildFile; fileRef = 7637A60E22864DBF007DD20B /* Budget.storyboard */; };
		7637A61422864F23007DD20B /* BudgetItemTableViewCell.xib in Resources */ = {isa = PBXBuildFile; fileRef = 7637A61322864F23007DD20B /* BudgetItemTableViewCell.xib */; };
		7637A61622864FC5007DD20B /* BudgetItemTableViewCell.swift in Sources */ = {isa = PBXBuildFile; fileRef = 7637A61522864FC5007DD20B /* BudgetItemTableViewCell.swift */; };
		7637A618228653E7007DD20B /* BudgetViewController.swift in Sources */ = {isa = PBXBuildFile; fileRef = 7637A617228653E7007DD20B /* BudgetViewController.swift */; };
		7637A61A22868C32007DD20B /* BudgetCollectionViewCell.swift in Sources */ = {isa = PBXBuildFile; fileRef = 7637A61922868C32007DD20B /* BudgetCollectionViewCell.swift */; };
		7637A61C22868C6D007DD20B /* BudgetCollectionViewCell.xib in Resources */ = {isa = PBXBuildFile; fileRef = 7637A61B22868C6D007DD20B /* BudgetCollectionViewCell.xib */; };
		7637A61E2286B1E1007DD20B /* BudgetItemID.swift in Sources */ = {isa = PBXBuildFile; fileRef = 7637A61D2286B1E1007DD20B /* BudgetItemID.swift */; };
		7637A6202286B3CB007DD20B /* BudgetItemCategory.swift in Sources */ = {isa = PBXBuildFile; fileRef = 7637A61F2286B3CB007DD20B /* BudgetItemCategory.swift */; };
		7637A6232287ACEF007DD20B /* AddTransactionBudgetItemTableViewCell.xib in Resources */ = {isa = PBXBuildFile; fileRef = 7637A6222287ACEF007DD20B /* AddTransactionBudgetItemTableViewCell.xib */; };
		7637A6252287AE00007DD20B /* AddTransactionBudgetItemTableViewCell.swift in Sources */ = {isa = PBXBuildFile; fileRef = 7637A6242287AE00007DD20B /* AddTransactionBudgetItemTableViewCell.swift */; };
		7637A6282287EAB4007DD20B /* PieChartView.swift in Sources */ = {isa = PBXBuildFile; fileRef = 7637A6272287EAB4007DD20B /* PieChartView.swift */; };
		7637A62B2287EB1E007DD20B /* Summary.storyboard in Resources */ = {isa = PBXBuildFile; fileRef = 7637A6292287EB1E007DD20B /* Summary.storyboard */; };
		7637A62E2287EE4D007DD20B /* MoneyTextField.swift in Sources */ = {isa = PBXBuildFile; fileRef = 7637A62D2287EE4D007DD20B /* MoneyTextField.swift */; };
		7637A6302288997F007DD20B /* BudgetItemSection.swift in Sources */ = {isa = PBXBuildFile; fileRef = 7637A62F2288997F007DD20B /* BudgetItemSection.swift */; };
		7637A63222889F31007DD20B /* BudgetSectionTableViewCell.xib in Resources */ = {isa = PBXBuildFile; fileRef = 7637A63122889F31007DD20B /* BudgetSectionTableViewCell.xib */; };
		7637A63422889F8D007DD20B /* BudgetSectionTableViewCell.swift in Sources */ = {isa = PBXBuildFile; fileRef = 7637A63322889F8D007DD20B /* BudgetSectionTableViewCell.swift */; };
		7637A6382288AF75007DD20B /* BudgetItemListTableView.swift in Sources */ = {isa = PBXBuildFile; fileRef = 7637A6372288AF75007DD20B /* BudgetItemListTableView.swift */; };
		7637A63A2288E48C007DD20B /* TransactionBudgetItemViewCell.xib in Resources */ = {isa = PBXBuildFile; fileRef = 7637A6392288E48C007DD20B /* TransactionBudgetItemViewCell.xib */; };
		7637A63C2288E74F007DD20B /* AddBudgetItemSegue.swift in Sources */ = {isa = PBXBuildFile; fileRef = 7637A63B2288E74F007DD20B /* AddBudgetItemSegue.swift */; };
		7637A63E2288F0C9007DD20B /* AddBudgetItemsViewController.swift in Sources */ = {isa = PBXBuildFile; fileRef = 7637A63D2288F0C9007DD20B /* AddBudgetItemsViewController.swift */; };
		7637A6402288FB5F007DD20B /* SelectBudgetItemListTableView.swift in Sources */ = {isa = PBXBuildFile; fileRef = 7637A63F2288FB5F007DD20B /* SelectBudgetItemListTableView.swift */; };
		7637A6422288FED8007DD20B /* SelectBudgetItemTableViewCell.xib in Resources */ = {isa = PBXBuildFile; fileRef = 7637A6412288FED8007DD20B /* SelectBudgetItemTableViewCell.xib */; };
		7637A6442288FF26007DD20B /* SelectBudgetItemTableViewCell.swift in Sources */ = {isa = PBXBuildFile; fileRef = 7637A6432288FF26007DD20B /* SelectBudgetItemTableViewCell.swift */; };
		7637A647228920BA007DD20B /* ItemTableViewCell.xib in Resources */ = {isa = PBXBuildFile; fileRef = 7637A646228920BA007DD20B /* ItemTableViewCell.xib */; };
		7637A64922892196007DD20B /* ItemTableViewCell.swift in Sources */ = {isa = PBXBuildFile; fileRef = 7637A64822892196007DD20B /* ItemTableViewCell.swift */; };
		764AFD88226E7060007BFD90 /* AppDelegate.swift in Sources */ = {isa = PBXBuildFile; fileRef = 764AFD87226E7060007BFD90 /* AppDelegate.swift */; };
		764AFD8A226E7060007BFD90 /* ViewController.swift in Sources */ = {isa = PBXBuildFile; fileRef = 764AFD89226E7060007BFD90 /* ViewController.swift */; };
		764AFD8D226E7060007BFD90 /* Main.storyboard in Resources */ = {isa = PBXBuildFile; fileRef = 764AFD8B226E7060007BFD90 /* Main.storyboard */; };
		764AFD8F226E7061007BFD90 /* Assets.xcassets in Resources */ = {isa = PBXBuildFile; fileRef = 764AFD8E226E7061007BFD90 /* Assets.xcassets */; };
		764AFD92226E7061007BFD90 /* LaunchScreen.storyboard in Resources */ = {isa = PBXBuildFile; fileRef = 764AFD90226E7061007BFD90 /* LaunchScreen.storyboard */; };
		764AFD9D226E7061007BFD90 /* SpearmintTests.swift in Sources */ = {isa = PBXBuildFile; fileRef = 764AFD9C226E7061007BFD90 /* SpearmintTests.swift */; };
		764AFDA8226E7061007BFD90 /* SpearmintUITests.swift in Sources */ = {isa = PBXBuildFile; fileRef = 764AFDA7226E7061007BFD90 /* SpearmintUITests.swift */; };
		764AFDBA226EC283007BFD90 /* SettingsTableViewController.swift in Sources */ = {isa = PBXBuildFile; fileRef = 764AFDB9226EC283007BFD90 /* SettingsTableViewController.swift */; };
		764AFDBC226EC377007BFD90 /* SettingsTableViewCell.swift in Sources */ = {isa = PBXBuildFile; fileRef = 764AFDBB226EC377007BFD90 /* SettingsTableViewCell.swift */; };
		764AFDBE226EC42D007BFD90 /* AccountViewController.swift in Sources */ = {isa = PBXBuildFile; fileRef = 764AFDBD226EC42D007BFD90 /* AccountViewController.swift */; };
		7689F7112270E2FC00AD4225 /* Transaction.swift in Sources */ = {isa = PBXBuildFile; fileRef = 7689F7102270E2FC00AD4225 /* Transaction.swift */; };
		7689F7132270E31A00AD4225 /* Budget.swift in Sources */ = {isa = PBXBuildFile; fileRef = 7689F7122270E31A00AD4225 /* Budget.swift */; };
		7689F7152270E39900AD4225 /* TransactionType.swift in Sources */ = {isa = PBXBuildFile; fileRef = 7689F7142270E39900AD4225 /* TransactionType.swift */; };
		7689F7192270E6F600AD4225 /* BudgetItem.swift in Sources */ = {isa = PBXBuildFile; fileRef = 7689F7182270E6F600AD4225 /* BudgetItem.swift */; };
		7689F71B2271874900AD4225 /* Item.swift in Sources */ = {isa = PBXBuildFile; fileRef = 7689F71A2271874900AD4225 /* Item.swift */; };
		76A2FA462280B0740066D594 /* TransactionListViewController.swift in Sources */ = {isa = PBXBuildFile; fileRef = 76A2FA452280B0740066D594 /* TransactionListViewController.swift */; };
		76A2FA4C2280B4300066D594 /* TransactionTableViewCell.swift in Sources */ = {isa = PBXBuildFile; fileRef = 76A2FA4B2280B4300066D594 /* TransactionTableViewCell.swift */; };
		76A2FA4E2280B4520066D594 /* TransactionTableViewCell.xib in Resources */ = {isa = PBXBuildFile; fileRef = 76A2FA4D2280B4520066D594 /* TransactionTableViewCell.xib */; };
		76A2FA562281F8BE0066D594 /* AddTransactionViewController.swift in Sources */ = {isa = PBXBuildFile; fileRef = 76A2FA552281F8BE0066D594 /* AddTransactionViewController.swift */; };
		76A2FA582281F94E0066D594 /* DateTableViewCell.xib in Resources */ = {isa = PBXBuildFile; fileRef = 76A2FA572281F94E0066D594 /* DateTableViewCell.xib */; };
		76A2FA5A2281FA430066D594 /* AmountTableViewCell.xib in Resources */ = {isa = PBXBuildFile; fileRef = 76A2FA592281FA430066D594 /* AmountTableViewCell.xib */; };
		76A2FA5C2281FAE90066D594 /* VendorTableViewCell.xib in Resources */ = {isa = PBXBuildFile; fileRef = 76A2FA5B2281FAE90066D594 /* VendorTableViewCell.xib */; };
		76A2FA5E2281FB700066D594 /* DateTableViewCell.swift in Sources */ = {isa = PBXBuildFile; fileRef = 76A2FA5D2281FB700066D594 /* DateTableViewCell.swift */; };
		76A2FA602281FBDD0066D594 /* AmountTableViewCell.swift in Sources */ = {isa = PBXBuildFile; fileRef = 76A2FA5F2281FBDD0066D594 /* AmountTableViewCell.swift */; };
		76A2FA622281FBE60066D594 /* VendorTableViewCell.swift in Sources */ = {isa = PBXBuildFile; fileRef = 76A2FA612281FBE60066D594 /* VendorTableViewCell.swift */; };
		76A2FA642282229D0066D594 /* Transactions.storyboard in Resources */ = {isa = PBXBuildFile; fileRef = 76A2FA632282229D0066D594 /* Transactions.storyboard */; };
		76A2FA67228248220066D594 /* PaymentType.swift in Sources */ = {isa = PBXBuildFile; fileRef = 76A2FA66228248220066D594 /* PaymentType.swift */; };
		76A2FA6A22824CFE0066D594 /* AddTransactionSegue.swift in Sources */ = {isa = PBXBuildFile; fileRef = 76A2FA6922824CFE0066D594 /* AddTransactionSegue.swift */; };
		76A2FA6E228375970066D594 /* TransactionID.swift in Sources */ = {isa = PBXBuildFile; fileRef = 76A2FA6D228375970066D594 /* TransactionID.swift */; };
		76A2FA70228377080066D594 /* TransactionStore.swift in Sources */ = {isa = PBXBuildFile; fileRef = 76A2FA6F228377080066D594 /* TransactionStore.swift */; };
		76A2FA722284FEFC0066D594 /* TransactionDate.swift in Sources */ = {isa = PBXBuildFile; fileRef = 76A2FA712284FEFC0066D594 /* TransactionDate.swift */; };
		76A2FA7422851B7D0066D594 /* DateFormatterFactory.swift in Sources */ = {isa = PBXBuildFile; fileRef = 76A2FA7322851B7D0066D594 /* DateFormatterFactory.swift */; };
		76A2FA7722851E730066D594 /* DateExtension.swift in Sources */ = {isa = PBXBuildFile; fileRef = 76A2FA7622851E730066D594 /* DateExtension.swift */; };
		76B548BB22913069001B2FB1 /* CurrenyTests.swift in Sources */ = {isa = PBXBuildFile; fileRef = 76B548BA22913069001B2FB1 /* CurrenyTests.swift */; };
		76B548BD229135DE001B2FB1 /* LocalAccess.swift in Sources */ = {isa = PBXBuildFile; fileRef = 76B548BC229135DE001B2FB1 /* LocalAccess.swift */; };
		76B548C022913DB4001B2FB1 /* ConfigurableCell.swift in Sources */ = {isa = PBXBuildFile; fileRef = 76B548BF22913DB4001B2FB1 /* ConfigurableCell.swift */; };
		76B548C222913E8E001B2FB1 /* ReusableIdentifier.swift in Sources */ = {isa = PBXBuildFile; fileRef = 76B548C122913E8E001B2FB1 /* ReusableIdentifier.swift */; };
		76B548D322915C7D001B2FB1 /* ImageViewTableViewCell.xib in Resources */ = {isa = PBXBuildFile; fileRef = 76B548D222915C7D001B2FB1 /* ImageViewTableViewCell.xib */; };
		76B548D522915D14001B2FB1 /* ImageViewTableViewCell.swift in Sources */ = {isa = PBXBuildFile; fileRef = 76B548D422915D14001B2FB1 /* ImageViewTableViewCell.swift */; };
		76B548D822916195001B2FB1 /* AddTransactionImageViewController.swift in Sources */ = {isa = PBXBuildFile; fileRef = 76B548D722916195001B2FB1 /* AddTransactionImageViewController.swift */; };
		76E3CBE8227FEEAC0010625A /* Currency.swift in Sources */ = {isa = PBXBuildFile; fileRef = 76E3CBE7227FEEAC0010625A /* Currency.swift */; };
/* End PBXBuildFile section */

/* Begin PBXContainerItemProxy section */
		764AFD99226E7061007BFD90 /* PBXContainerItemProxy */ = {
			isa = PBXContainerItemProxy;
			containerPortal = 764AFD7C226E7060007BFD90 /* Project object */;
			proxyType = 1;
			remoteGlobalIDString = 764AFD83226E7060007BFD90;
			remoteInfo = Spearmint;
		};
		764AFDA4226E7061007BFD90 /* PBXContainerItemProxy */ = {
			isa = PBXContainerItemProxy;
			containerPortal = 764AFD7C226E7060007BFD90 /* Project object */;
			proxyType = 1;
			remoteGlobalIDString = 764AFD83226E7060007BFD90;
			remoteInfo = Spearmint;
		};
/* End PBXContainerItemProxy section */

/* Begin PBXFileReference section */
		7637A60C22862B6B007DD20B /* BudgetStore.swift */ = {isa = PBXFileReference; lastKnownFileType = sourcecode.swift; path = BudgetStore.swift; sourceTree = "<group>"; };
		7637A60F22864DBF007DD20B /* Base */ = {isa = PBXFileReference; lastKnownFileType = file.storyboard; name = Base; path = Spearmint/Base.lproj/Budget.storyboard; sourceTree = "<group>"; };
		7637A61322864F23007DD20B /* BudgetItemTableViewCell.xib */ = {isa = PBXFileReference; lastKnownFileType = file.xib; path = BudgetItemTableViewCell.xib; sourceTree = "<group>"; };
		7637A61522864FC5007DD20B /* BudgetItemTableViewCell.swift */ = {isa = PBXFileReference; lastKnownFileType = sourcecode.swift; path = BudgetItemTableViewCell.swift; sourceTree = "<group>"; };
		7637A617228653E7007DD20B /* BudgetViewController.swift */ = {isa = PBXFileReference; lastKnownFileType = sourcecode.swift; path = BudgetViewController.swift; sourceTree = "<group>"; };
		7637A61922868C32007DD20B /* BudgetCollectionViewCell.swift */ = {isa = PBXFileReference; lastKnownFileType = sourcecode.swift; path = BudgetCollectionViewCell.swift; sourceTree = "<group>"; };
		7637A61B22868C6D007DD20B /* BudgetCollectionViewCell.xib */ = {isa = PBXFileReference; lastKnownFileType = file.xib; path = BudgetCollectionViewCell.xib; sourceTree = "<group>"; };
		7637A61D2286B1E1007DD20B /* BudgetItemID.swift */ = {isa = PBXFileReference; lastKnownFileType = sourcecode.swift; path = BudgetItemID.swift; sourceTree = "<group>"; };
		7637A61F2286B3CB007DD20B /* BudgetItemCategory.swift */ = {isa = PBXFileReference; lastKnownFileType = sourcecode.swift; path = BudgetItemCategory.swift; sourceTree = "<group>"; };
		7637A6222287ACEF007DD20B /* AddTransactionBudgetItemTableViewCell.xib */ = {isa = PBXFileReference; lastKnownFileType = file.xib; path = AddTransactionBudgetItemTableViewCell.xib; sourceTree = "<group>"; };
		7637A6242287AE00007DD20B /* AddTransactionBudgetItemTableViewCell.swift */ = {isa = PBXFileReference; lastKnownFileType = sourcecode.swift; path = AddTransactionBudgetItemTableViewCell.swift; sourceTree = "<group>"; };
		7637A6272287EAB4007DD20B /* PieChartView.swift */ = {isa = PBXFileReference; lastKnownFileType = sourcecode.swift; path = PieChartView.swift; sourceTree = "<group>"; };
		7637A62A2287EB1E007DD20B /* Base */ = {isa = PBXFileReference; lastKnownFileType = file.storyboard; name = Base; path = Spearmint/Base.lproj/Summary.storyboard; sourceTree = "<group>"; };
		7637A62D2287EE4D007DD20B /* MoneyTextField.swift */ = {isa = PBXFileReference; lastKnownFileType = sourcecode.swift; path = MoneyTextField.swift; sourceTree = "<group>"; };
		7637A62F2288997F007DD20B /* BudgetItemSection.swift */ = {isa = PBXFileReference; lastKnownFileType = sourcecode.swift; path = BudgetItemSection.swift; sourceTree = "<group>"; };
		7637A63122889F31007DD20B /* BudgetSectionTableViewCell.xib */ = {isa = PBXFileReference; lastKnownFileType = file.xib; path = BudgetSectionTableViewCell.xib; sourceTree = "<group>"; };
		7637A63322889F8D007DD20B /* BudgetSectionTableViewCell.swift */ = {isa = PBXFileReference; lastKnownFileType = sourcecode.swift; path = BudgetSectionTableViewCell.swift; sourceTree = "<group>"; };
		7637A6372288AF75007DD20B /* BudgetItemListTableView.swift */ = {isa = PBXFileReference; lastKnownFileType = sourcecode.swift; path = BudgetItemListTableView.swift; sourceTree = "<group>"; };
		7637A6392288E48C007DD20B /* TransactionBudgetItemViewCell.xib */ = {isa = PBXFileReference; lastKnownFileType = file.xib; path = TransactionBudgetItemViewCell.xib; sourceTree = "<group>"; };
		7637A63B2288E74F007DD20B /* AddBudgetItemSegue.swift */ = {isa = PBXFileReference; lastKnownFileType = sourcecode.swift; path = AddBudgetItemSegue.swift; sourceTree = "<group>"; };
		7637A63D2288F0C9007DD20B /* AddBudgetItemsViewController.swift */ = {isa = PBXFileReference; lastKnownFileType = sourcecode.swift; path = AddBudgetItemsViewController.swift; sourceTree = "<group>"; };
		7637A63F2288FB5F007DD20B /* SelectBudgetItemListTableView.swift */ = {isa = PBXFileReference; lastKnownFileType = sourcecode.swift; path = SelectBudgetItemListTableView.swift; sourceTree = "<group>"; };
		7637A6412288FED8007DD20B /* SelectBudgetItemTableViewCell.xib */ = {isa = PBXFileReference; lastKnownFileType = file.xib; path = SelectBudgetItemTableViewCell.xib; sourceTree = "<group>"; };
		7637A6432288FF26007DD20B /* SelectBudgetItemTableViewCell.swift */ = {isa = PBXFileReference; lastKnownFileType = sourcecode.swift; path = SelectBudgetItemTableViewCell.swift; sourceTree = "<group>"; };
		7637A646228920BA007DD20B /* ItemTableViewCell.xib */ = {isa = PBXFileReference; lastKnownFileType = file.xib; path = ItemTableViewCell.xib; sourceTree = "<group>"; };
		7637A64822892196007DD20B /* ItemTableViewCell.swift */ = {isa = PBXFileReference; lastKnownFileType = sourcecode.swift; path = ItemTableViewCell.swift; sourceTree = "<group>"; };
		764AFD84226E7060007BFD90 /* Spearmint.app */ = {isa = PBXFileReference; explicitFileType = wrapper.application; includeInIndex = 0; path = Spearmint.app; sourceTree = BUILT_PRODUCTS_DIR; };
		764AFD87226E7060007BFD90 /* AppDelegate.swift */ = {isa = PBXFileReference; lastKnownFileType = sourcecode.swift; path = AppDelegate.swift; sourceTree = "<group>"; };
		764AFD89226E7060007BFD90 /* ViewController.swift */ = {isa = PBXFileReference; lastKnownFileType = sourcecode.swift; path = ViewController.swift; sourceTree = "<group>"; };
		764AFD8C226E7060007BFD90 /* Base */ = {isa = PBXFileReference; lastKnownFileType = file.storyboard; name = Base; path = Base.lproj/Main.storyboard; sourceTree = "<group>"; };
		764AFD8E226E7061007BFD90 /* Assets.xcassets */ = {isa = PBXFileReference; lastKnownFileType = folder.assetcatalog; path = Assets.xcassets; sourceTree = "<group>"; };
		764AFD91226E7061007BFD90 /* Base */ = {isa = PBXFileReference; lastKnownFileType = file.storyboard; name = Base; path = Base.lproj/LaunchScreen.storyboard; sourceTree = "<group>"; };
		764AFD93226E7061007BFD90 /* Info.plist */ = {isa = PBXFileReference; lastKnownFileType = text.plist.xml; path = Info.plist; sourceTree = "<group>"; };
		764AFD98226E7061007BFD90 /* SpearmintTests.xctest */ = {isa = PBXFileReference; explicitFileType = wrapper.cfbundle; includeInIndex = 0; path = SpearmintTests.xctest; sourceTree = BUILT_PRODUCTS_DIR; };
		764AFD9C226E7061007BFD90 /* SpearmintTests.swift */ = {isa = PBXFileReference; lastKnownFileType = sourcecode.swift; path = SpearmintTests.swift; sourceTree = "<group>"; };
		764AFD9E226E7061007BFD90 /* Info.plist */ = {isa = PBXFileReference; lastKnownFileType = text.plist.xml; path = Info.plist; sourceTree = "<group>"; };
		764AFDA3226E7061007BFD90 /* SpearmintUITests.xctest */ = {isa = PBXFileReference; explicitFileType = wrapper.cfbundle; includeInIndex = 0; path = SpearmintUITests.xctest; sourceTree = BUILT_PRODUCTS_DIR; };
		764AFDA7226E7061007BFD90 /* SpearmintUITests.swift */ = {isa = PBXFileReference; lastKnownFileType = sourcecode.swift; path = SpearmintUITests.swift; sourceTree = "<group>"; };
		764AFDA9226E7061007BFD90 /* Info.plist */ = {isa = PBXFileReference; lastKnownFileType = text.plist.xml; path = Info.plist; sourceTree = "<group>"; };
		764AFDB9226EC283007BFD90 /* SettingsTableViewController.swift */ = {isa = PBXFileReference; lastKnownFileType = sourcecode.swift; path = SettingsTableViewController.swift; sourceTree = "<group>"; };
		764AFDBB226EC377007BFD90 /* SettingsTableViewCell.swift */ = {isa = PBXFileReference; lastKnownFileType = sourcecode.swift; path = SettingsTableViewCell.swift; sourceTree = "<group>"; };
		764AFDBD226EC42D007BFD90 /* AccountViewController.swift */ = {isa = PBXFileReference; lastKnownFileType = sourcecode.swift; path = AccountViewController.swift; sourceTree = "<group>"; };
		7689F7102270E2FC00AD4225 /* Transaction.swift */ = {isa = PBXFileReference; lastKnownFileType = sourcecode.swift; path = Transaction.swift; sourceTree = "<group>"; };
		7689F7122270E31A00AD4225 /* Budget.swift */ = {isa = PBXFileReference; lastKnownFileType = sourcecode.swift; path = Budget.swift; sourceTree = "<group>"; };
		7689F7142270E39900AD4225 /* TransactionType.swift */ = {isa = PBXFileReference; lastKnownFileType = sourcecode.swift; path = TransactionType.swift; sourceTree = "<group>"; };
		7689F7182270E6F600AD4225 /* BudgetItem.swift */ = {isa = PBXFileReference; lastKnownFileType = sourcecode.swift; path = BudgetItem.swift; sourceTree = "<group>"; };
		7689F71A2271874900AD4225 /* Item.swift */ = {isa = PBXFileReference; lastKnownFileType = sourcecode.swift; path = Item.swift; sourceTree = "<group>"; };
		76A2FA452280B0740066D594 /* TransactionListViewController.swift */ = {isa = PBXFileReference; lastKnownFileType = sourcecode.swift; path = TransactionListViewController.swift; sourceTree = "<group>"; };
		76A2FA4B2280B4300066D594 /* TransactionTableViewCell.swift */ = {isa = PBXFileReference; lastKnownFileType = sourcecode.swift; path = TransactionTableViewCell.swift; sourceTree = "<group>"; };
		76A2FA4D2280B4520066D594 /* TransactionTableViewCell.xib */ = {isa = PBXFileReference; lastKnownFileType = file.xib; path = TransactionTableViewCell.xib; sourceTree = "<group>"; };
		76A2FA552281F8BE0066D594 /* AddTransactionViewController.swift */ = {isa = PBXFileReference; lastKnownFileType = sourcecode.swift; path = AddTransactionViewController.swift; sourceTree = "<group>"; };
		76A2FA572281F94E0066D594 /* DateTableViewCell.xib */ = {isa = PBXFileReference; lastKnownFileType = file.xib; path = DateTableViewCell.xib; sourceTree = "<group>"; };
		76A2FA592281FA430066D594 /* AmountTableViewCell.xib */ = {isa = PBXFileReference; lastKnownFileType = file.xib; path = AmountTableViewCell.xib; sourceTree = "<group>"; };
		76A2FA5B2281FAE90066D594 /* VendorTableViewCell.xib */ = {isa = PBXFileReference; lastKnownFileType = file.xib; path = VendorTableViewCell.xib; sourceTree = "<group>"; };
		76A2FA5D2281FB700066D594 /* DateTableViewCell.swift */ = {isa = PBXFileReference; lastKnownFileType = sourcecode.swift; path = DateTableViewCell.swift; sourceTree = "<group>"; };
		76A2FA5F2281FBDD0066D594 /* AmountTableViewCell.swift */ = {isa = PBXFileReference; lastKnownFileType = sourcecode.swift; path = AmountTableViewCell.swift; sourceTree = "<group>"; };
		76A2FA612281FBE60066D594 /* VendorTableViewCell.swift */ = {isa = PBXFileReference; lastKnownFileType = sourcecode.swift; path = VendorTableViewCell.swift; sourceTree = "<group>"; };
		76A2FA632282229D0066D594 /* Transactions.storyboard */ = {isa = PBXFileReference; fileEncoding = 4; lastKnownFileType = file.storyboard; path = Transactions.storyboard; sourceTree = "<group>"; };
		76A2FA66228248220066D594 /* PaymentType.swift */ = {isa = PBXFileReference; lastKnownFileType = sourcecode.swift; path = PaymentType.swift; sourceTree = "<group>"; };
		76A2FA6922824CFE0066D594 /* AddTransactionSegue.swift */ = {isa = PBXFileReference; lastKnownFileType = sourcecode.swift; path = AddTransactionSegue.swift; sourceTree = "<group>"; };
		76A2FA6D228375970066D594 /* TransactionID.swift */ = {isa = PBXFileReference; lastKnownFileType = sourcecode.swift; path = TransactionID.swift; sourceTree = "<group>"; };
		76A2FA6F228377080066D594 /* TransactionStore.swift */ = {isa = PBXFileReference; lastKnownFileType = sourcecode.swift; path = TransactionStore.swift; sourceTree = "<group>"; };
		76A2FA712284FEFC0066D594 /* TransactionDate.swift */ = {isa = PBXFileReference; lastKnownFileType = sourcecode.swift; path = TransactionDate.swift; sourceTree = "<group>"; };
		76A2FA7322851B7D0066D594 /* DateFormatterFactory.swift */ = {isa = PBXFileReference; lastKnownFileType = sourcecode.swift; path = DateFormatterFactory.swift; sourceTree = "<group>"; };
		76A2FA7622851E730066D594 /* DateExtension.swift */ = {isa = PBXFileReference; lastKnownFileType = sourcecode.swift; path = DateExtension.swift; sourceTree = "<group>"; };
		76B548BA22913069001B2FB1 /* CurrenyTests.swift */ = {isa = PBXFileReference; lastKnownFileType = sourcecode.swift; path = CurrenyTests.swift; sourceTree = "<group>"; };
		76B548BC229135DE001B2FB1 /* LocalAccess.swift */ = {isa = PBXFileReference; lastKnownFileType = sourcecode.swift; path = LocalAccess.swift; sourceTree = "<group>"; };
		76B548BF22913DB4001B2FB1 /* ConfigurableCell.swift */ = {isa = PBXFileReference; lastKnownFileType = sourcecode.swift; path = ConfigurableCell.swift; sourceTree = "<group>"; };
		76B548C122913E8E001B2FB1 /* ReusableIdentifier.swift */ = {isa = PBXFileReference; lastKnownFileType = sourcecode.swift; path = ReusableIdentifier.swift; sourceTree = "<group>"; };
		76B548D222915C7D001B2FB1 /* ImageViewTableViewCell.xib */ = {isa = PBXFileReference; lastKnownFileType = file.xib; path = ImageViewTableViewCell.xib; sourceTree = "<group>"; };
		76B548D422915D14001B2FB1 /* ImageViewTableViewCell.swift */ = {isa = PBXFileReference; lastKnownFileType = sourcecode.swift; path = ImageViewTableViewCell.swift; sourceTree = "<group>"; };
		76B548D722916195001B2FB1 /* AddTransactionImageViewController.swift */ = {isa = PBXFileReference; lastKnownFileType = sourcecode.swift; path = AddTransactionImageViewController.swift; sourceTree = "<group>"; };
		76E3CBE7227FEEAC0010625A /* Currency.swift */ = {isa = PBXFileReference; lastKnownFileType = sourcecode.swift; path = Currency.swift; sourceTree = "<group>"; };
/* End PBXFileReference section */

/* Begin PBXFrameworksBuildPhase section */
		764AFD81226E7060007BFD90 /* Frameworks */ = {
			isa = PBXFrameworksBuildPhase;
			buildActionMask = 2147483647;
			files = (
			);
			runOnlyForDeploymentPostprocessing = 0;
		};
		764AFD95226E7061007BFD90 /* Frameworks */ = {
			isa = PBXFrameworksBuildPhase;
			buildActionMask = 2147483647;
			files = (
			);
			runOnlyForDeploymentPostprocessing = 0;
		};
		764AFDA0226E7061007BFD90 /* Frameworks */ = {
			isa = PBXFrameworksBuildPhase;
			buildActionMask = 2147483647;
			files = (
			);
			runOnlyForDeploymentPostprocessing = 0;
		};
/* End PBXFrameworksBuildPhase section */

/* Begin PBXGroup section */
		7637A6212286B548007DD20B /* Transaction */ = {
			isa = PBXGroup;
			children = (
				7689F7102270E2FC00AD4225 /* Transaction.swift */,
				7689F7142270E39900AD4225 /* TransactionType.swift */,
				76A2FA66228248220066D594 /* PaymentType.swift */,
				76A2FA6D228375970066D594 /* TransactionID.swift */,
				7689F71A2271874900AD4225 /* Item.swift */,
			);
			path = Transaction;
			sourceTree = "<group>";
		};
		7637A6262287EA62007DD20B /* Views */ = {
			isa = PBXGroup;
			children = (
				7637A6272287EAB4007DD20B /* PieChartView.swift */,
			);
			path = Views;
			sourceTree = "<group>";
		};
		7637A62C2287EE25007DD20B /* TextField */ = {
			isa = PBXGroup;
			children = (
				7637A62D2287EE4D007DD20B /* MoneyTextField.swift */,
			);
			path = TextField;
			sourceTree = "<group>";
		};
		7637A6352288AE88007DD20B /* Budget */ = {
			isa = PBXGroup;
			children = (
				7689F7122270E31A00AD4225 /* Budget.swift */,
				7689F7182270E6F600AD4225 /* BudgetItem.swift */,
				7637A62F2288997F007DD20B /* BudgetItemSection.swift */,
				7637A61F2286B3CB007DD20B /* BudgetItemCategory.swift */,
				7637A61D2286B1E1007DD20B /* BudgetItemID.swift */,
			);
			path = Budget;
			sourceTree = "<group>";
		};
		7637A6362288AF46007DD20B /* TableView */ = {
			isa = PBXGroup;
			children = (
				7637A6372288AF75007DD20B /* BudgetItemListTableView.swift */,
				7637A63F2288FB5F007DD20B /* SelectBudgetItemListTableView.swift */,
			);
			path = TableView;
			sourceTree = "<group>";
		};
		764AFD7B226E7060007BFD90 = {
			isa = PBXGroup;
			children = (
				764AFD86226E7060007BFD90 /* Spearmint */,
				764AFD9B226E7061007BFD90 /* SpearmintTests */,
				764AFDA6226E7061007BFD90 /* SpearmintUITests */,
				764AFD85226E7060007BFD90 /* Products */,
			);
			sourceTree = "<group>";
		};
		764AFD85226E7060007BFD90 /* Products */ = {
			isa = PBXGroup;
			children = (
				764AFD84226E7060007BFD90 /* Spearmint.app */,
				764AFD98226E7061007BFD90 /* SpearmintTests.xctest */,
				764AFDA3226E7061007BFD90 /* SpearmintUITests.xctest */,
			);
			name = Products;
			sourceTree = "<group>";
		};
		764AFD86226E7060007BFD90 /* Spearmint */ = {
			isa = PBXGroup;
			children = (
				764AFDB7226EB27C007BFD90 /* Account */,
				764AFDB5226EB1AE007BFD90 /* Transactions */,
				76B548C3229141B9001B2FB1 /* Budget */,
				76B548BE22913D92001B2FB1 /* Protocols and Extensions */,
				7637A6262287EA62007DD20B /* Views */,
				7637A62C2287EE25007DD20B /* TextField */,
				76A2FA6822824CAE0066D594 /* Segue */,
				764AFDB8226EB2C9007BFD90 /* ViewControllers */,
				764AFDB6226EB269007BFD90 /* Model */,
				764AFD87226E7060007BFD90 /* AppDelegate.swift */,
				764AFD89226E7060007BFD90 /* ViewController.swift */,
				7637A6292287EB1E007DD20B /* Summary.storyboard */,
				7637A60E22864DBF007DD20B /* Budget.storyboard */,
				76A2FA632282229D0066D594 /* Transactions.storyboard */,
				764AFD8B226E7060007BFD90 /* Main.storyboard */,
				764AFD8E226E7061007BFD90 /* Assets.xcassets */,
				764AFD90226E7061007BFD90 /* LaunchScreen.storyboard */,
				764AFD93226E7061007BFD90 /* Info.plist */,
			);
			path = Spearmint;
			sourceTree = "<group>";
		};
		764AFD9B226E7061007BFD90 /* SpearmintTests */ = {
			isa = PBXGroup;
			children = (
				764AFD9C226E7061007BFD90 /* SpearmintTests.swift */,
				764AFD9E226E7061007BFD90 /* Info.plist */,
				76B548BA22913069001B2FB1 /* CurrenyTests.swift */,
			);
			path = SpearmintTests;
			sourceTree = "<group>";
		};
		764AFDA6226E7061007BFD90 /* SpearmintUITests */ = {
			isa = PBXGroup;
			children = (
				764AFDA7226E7061007BFD90 /* SpearmintUITests.swift */,
				764AFDA9226E7061007BFD90 /* Info.plist */,
			);
			path = SpearmintUITests;
			sourceTree = "<group>";
		};
		764AFDB5226EB1AE007BFD90 /* Transactions */ = {
			isa = PBXGroup;
			children = (
				76B548CB22915431001B2FB1 /* Cells */,
				76B548CA22915381001B2FB1 /* ViewControllers */,
				7637A6392288E48C007DD20B /* TransactionBudgetItemViewCell.xib */,
			);
			path = Transactions;
			sourceTree = "<group>";
		};
		764AFDB6226EB269007BFD90 /* Model */ = {
			isa = PBXGroup;
			children = (
				7637A6352288AE88007DD20B /* Budget */,
				7637A6212286B548007DD20B /* Transaction */,
				76A2FA7522851E650066D594 /* Extensions */,
				76A2FA652282465B0066D594 /* DatabaseAccess */,
				76E3CBE7227FEEAC0010625A /* Currency.swift */,
				76A2FA712284FEFC0066D594 /* TransactionDate.swift */,
				76A2FA7322851B7D0066D594 /* DateFormatterFactory.swift */,
			);
			path = Model;
			sourceTree = "<group>";
		};
		764AFDB7226EB27C007BFD90 /* Account */ = {
			isa = PBXGroup;
			children = (
				764AFDB9226EC283007BFD90 /* SettingsTableViewController.swift */,
				764AFDBB226EC377007BFD90 /* SettingsTableViewCell.swift */,
				764AFDBD226EC42D007BFD90 /* AccountViewController.swift */,
			);
			path = Account;
			sourceTree = "<group>";
		};
		764AFDB8226EB2C9007BFD90 /* ViewControllers */ = {
			isa = PBXGroup;
			children = (
			);
			path = ViewControllers;
			sourceTree = "<group>";
		};
		76A2FA652282465B0066D594 /* DatabaseAccess */ = {
			isa = PBXGroup;
			children = (
				76A2FA6F228377080066D594 /* TransactionStore.swift */,
				7637A60C22862B6B007DD20B /* BudgetStore.swift */,
				76B548BC229135DE001B2FB1 /* LocalAccess.swift */,
			);
			path = DatabaseAccess;
			sourceTree = "<group>";
		};
		76A2FA6822824CAE0066D594 /* Segue */ = {
			isa = PBXGroup;
			children = (
				76A2FA6922824CFE0066D594 /* AddTransactionSegue.swift */,
				7637A63B2288E74F007DD20B /* AddBudgetItemSegue.swift */,
			);
			path = Segue;
			sourceTree = "<group>";
		};
		76A2FA7522851E650066D594 /* Extensions */ = {
			isa = PBXGroup;
			children = (
				76A2FA7622851E730066D594 /* DateExtension.swift */,
			);
			path = Extensions;
			sourceTree = "<group>";
		};
		76B548BE22913D92001B2FB1 /* Protocols and Extensions */ = {
			isa = PBXGroup;
			children = (
				76B548BF22913DB4001B2FB1 /* ConfigurableCell.swift */,
				76B548C122913E8E001B2FB1 /* ReusableIdentifier.swift */,
			);
			path = "Protocols and Extensions";
			sourceTree = "<group>";
		};
		76B548C3229141B9001B2FB1 /* Budget */ = {
			isa = PBXGroup;
			children = (
				7637A6362288AF46007DD20B /* TableView */,
				76B548C5229141D6001B2FB1 /* Cells */,
				76B548C4229141C3001B2FB1 /* ViewControllers */,
			);
			path = Budget;
			sourceTree = "<group>";
		};
		76B548C4229141C3001B2FB1 /* ViewControllers */ = {
			isa = PBXGroup;
			children = (
				7637A617228653E7007DD20B /* BudgetViewController.swift */,
			);
			path = ViewControllers;
			sourceTree = "<group>";
		};
		76B548C5229141D6001B2FB1 /* Cells */ = {
			isa = PBXGroup;
			children = (
				76B548C9229142CC001B2FB1 /* SelectBudgetItemTableViewCell */,
				76B548C822914258001B2FB1 /* BudgetSectionTableViewCell */,
				76B548C722914211001B2FB1 /* BudgetCollectionViewCell */,
				76B548C6229141ED001B2FB1 /* BudgetItemTableViewCell */,
			);
			path = Cells;
			sourceTree = "<group>";
		};
		76B548C6229141ED001B2FB1 /* BudgetItemTableViewCell */ = {
			isa = PBXGroup;
			children = (
				7637A61522864FC5007DD20B /* BudgetItemTableViewCell.swift */,
				7637A61322864F23007DD20B /* BudgetItemTableViewCell.xib */,
			);
			path = BudgetItemTableViewCell;
			sourceTree = "<group>";
		};
		76B548C722914211001B2FB1 /* BudgetCollectionViewCell */ = {
			isa = PBXGroup;
			children = (
				7637A61922868C32007DD20B /* BudgetCollectionViewCell.swift */,
				7637A61B22868C6D007DD20B /* BudgetCollectionViewCell.xib */,
			);
			path = BudgetCollectionViewCell;
			sourceTree = "<group>";
		};
		76B548C822914258001B2FB1 /* BudgetSectionTableViewCell */ = {
			isa = PBXGroup;
			children = (
				7637A63122889F31007DD20B /* BudgetSectionTableViewCell.xib */,
				7637A63322889F8D007DD20B /* BudgetSectionTableViewCell.swift */,
			);
			path = BudgetSectionTableViewCell;
			sourceTree = "<group>";
		};
		76B548C9229142CC001B2FB1 /* SelectBudgetItemTableViewCell */ = {
			isa = PBXGroup;
			children = (
				7637A6432288FF26007DD20B /* SelectBudgetItemTableViewCell.swift */,
				7637A6412288FED8007DD20B /* SelectBudgetItemTableViewCell.xib */,
			);
			path = SelectBudgetItemTableViewCell;
			sourceTree = "<group>";
		};
		76B548CA22915381001B2FB1 /* ViewControllers */ = {
			isa = PBXGroup;
			children = (
				76A2FA452280B0740066D594 /* TransactionListViewController.swift */,
				7637A63D2288F0C9007DD20B /* AddBudgetItemsViewController.swift */,
				76A2FA552281F8BE0066D594 /* AddTransactionViewController.swift */,
				76B548D722916195001B2FB1 /* AddTransactionImageViewController.swift */,
			);
			path = ViewControllers;
			sourceTree = "<group>";
		};
		76B548CB22915431001B2FB1 /* Cells */ = {
			isa = PBXGroup;
			children = (
				76B548D622915D20001B2FB1 /* ImageViewTableViewCell */,
				76B548D1229154C8001B2FB1 /* TransactionTableViewCell */,
				76B548D022915496001B2FB1 /* AddTransactionBudgetItemTableViewCell */,
				76B548CF2291547C001B2FB1 /* ItemTableViewCell */,
				76B548CE22915468001B2FB1 /* VendorTableViewCell */,
				76B548CD2291544A001B2FB1 /* AmountTableViewCell */,
				76B548CC2291543A001B2FB1 /* DateTableViewCell */,
			);
			path = Cells;
			sourceTree = "<group>";
		};
		76B548CC2291543A001B2FB1 /* DateTableViewCell */ = {
			isa = PBXGroup;
			children = (
				76A2FA572281F94E0066D594 /* DateTableViewCell.xib */,
				76A2FA5D2281FB700066D594 /* DateTableViewCell.swift */,
			);
			path = DateTableViewCell;
			sourceTree = "<group>";
		};
		76B548CD2291544A001B2FB1 /* AmountTableViewCell */ = {
			isa = PBXGroup;
			children = (
				76A2FA592281FA430066D594 /* AmountTableViewCell.xib */,
				76A2FA5F2281FBDD0066D594 /* AmountTableViewCell.swift */,
			);
			path = AmountTableViewCell;
			sourceTree = "<group>";
		};
		76B548CE22915468001B2FB1 /* VendorTableViewCell */ = {
			isa = PBXGroup;
			children = (
				76A2FA5B2281FAE90066D594 /* VendorTableViewCell.xib */,
				76A2FA612281FBE60066D594 /* VendorTableViewCell.swift */,
			);
			path = VendorTableViewCell;
			sourceTree = "<group>";
		};
		76B548CF2291547C001B2FB1 /* ItemTableViewCell */ = {
			isa = PBXGroup;
			children = (
				7637A646228920BA007DD20B /* ItemTableViewCell.xib */,
				7637A64822892196007DD20B /* ItemTableViewCell.swift */,
			);
			path = ItemTableViewCell;
			sourceTree = "<group>";
		};
		76B548D022915496001B2FB1 /* AddTransactionBudgetItemTableViewCell */ = {
			isa = PBXGroup;
			children = (
				7637A6222287ACEF007DD20B /* AddTransactionBudgetItemTableViewCell.xib */,
				7637A6242287AE00007DD20B /* AddTransactionBudgetItemTableViewCell.swift */,
			);
			path = AddTransactionBudgetItemTableViewCell;
			sourceTree = "<group>";
		};
		76B548D1229154C8001B2FB1 /* TransactionTableViewCell */ = {
			isa = PBXGroup;
			children = (
				76A2FA4B2280B4300066D594 /* TransactionTableViewCell.swift */,
				76A2FA4D2280B4520066D594 /* TransactionTableViewCell.xib */,
			);
			path = TransactionTableViewCell;
			sourceTree = "<group>";
		};
		76B548D622915D20001B2FB1 /* ImageViewTableViewCell */ = {
			isa = PBXGroup;
			children = (
				76B548D222915C7D001B2FB1 /* ImageViewTableViewCell.xib */,
				76B548D422915D14001B2FB1 /* ImageViewTableViewCell.swift */,
			);
			path = ImageViewTableViewCell;
			sourceTree = "<group>";
		};
/* End PBXGroup section */

/* Begin PBXNativeTarget section */
		764AFD83226E7060007BFD90 /* Spearmint */ = {
			isa = PBXNativeTarget;
			buildConfigurationList = 764AFDAC226E7061007BFD90 /* Build configuration list for PBXNativeTarget "Spearmint" */;
			buildPhases = (
				764AFD80226E7060007BFD90 /* Sources */,
				764AFD81226E7060007BFD90 /* Frameworks */,
				764AFD82226E7060007BFD90 /* Resources */,
			);
			buildRules = (
			);
			dependencies = (
			);
			name = Spearmint;
			productName = Spearmint;
			productReference = 764AFD84226E7060007BFD90 /* Spearmint.app */;
			productType = "com.apple.product-type.application";
		};
		764AFD97226E7061007BFD90 /* SpearmintTests */ = {
			isa = PBXNativeTarget;
			buildConfigurationList = 764AFDAF226E7061007BFD90 /* Build configuration list for PBXNativeTarget "SpearmintTests" */;
			buildPhases = (
				764AFD94226E7061007BFD90 /* Sources */,
				764AFD95226E7061007BFD90 /* Frameworks */,
				764AFD96226E7061007BFD90 /* Resources */,
			);
			buildRules = (
			);
			dependencies = (
				764AFD9A226E7061007BFD90 /* PBXTargetDependency */,
			);
			name = SpearmintTests;
			productName = SpearmintTests;
			productReference = 764AFD98226E7061007BFD90 /* SpearmintTests.xctest */;
			productType = "com.apple.product-type.bundle.unit-test";
		};
		764AFDA2226E7061007BFD90 /* SpearmintUITests */ = {
			isa = PBXNativeTarget;
			buildConfigurationList = 764AFDB2226E7061007BFD90 /* Build configuration list for PBXNativeTarget "SpearmintUITests" */;
			buildPhases = (
				764AFD9F226E7061007BFD90 /* Sources */,
				764AFDA0226E7061007BFD90 /* Frameworks */,
				764AFDA1226E7061007BFD90 /* Resources */,
			);
			buildRules = (
			);
			dependencies = (
				764AFDA5226E7061007BFD90 /* PBXTargetDependency */,
			);
			name = SpearmintUITests;
			productName = SpearmintUITests;
			productReference = 764AFDA3226E7061007BFD90 /* SpearmintUITests.xctest */;
			productType = "com.apple.product-type.bundle.ui-testing";
		};
/* End PBXNativeTarget section */

/* Begin PBXProject section */
		764AFD7C226E7060007BFD90 /* Project object */ = {
			isa = PBXProject;
			attributes = {
				LastSwiftUpdateCheck = 1020;
				LastUpgradeCheck = 1020;
				ORGANIZATIONNAME = "Brian Ishii";
				TargetAttributes = {
					764AFD83226E7060007BFD90 = {
						CreatedOnToolsVersion = 10.2.1;
					};
					764AFD97226E7061007BFD90 = {
						CreatedOnToolsVersion = 10.2.1;
						TestTargetID = 764AFD83226E7060007BFD90;
					};
					764AFDA2226E7061007BFD90 = {
						CreatedOnToolsVersion = 10.2.1;
						TestTargetID = 764AFD83226E7060007BFD90;
					};
				};
			};
			buildConfigurationList = 764AFD7F226E7060007BFD90 /* Build configuration list for PBXProject "Spearmint" */;
			compatibilityVersion = "Xcode 9.3";
			developmentRegion = en;
			hasScannedForEncodings = 0;
			knownRegions = (
				en,
				Base,
			);
			mainGroup = 764AFD7B226E7060007BFD90;
			productRefGroup = 764AFD85226E7060007BFD90 /* Products */;
			projectDirPath = "";
			projectRoot = "";
			targets = (
				764AFD83226E7060007BFD90 /* Spearmint */,
				764AFD97226E7061007BFD90 /* SpearmintTests */,
				764AFDA2226E7061007BFD90 /* SpearmintUITests */,
			);
		};
/* End PBXProject section */

/* Begin PBXResourcesBuildPhase section */
		764AFD82226E7060007BFD90 /* Resources */ = {
			isa = PBXResourcesBuildPhase;
			buildActionMask = 2147483647;
			files = (
				7637A63A2288E48C007DD20B /* TransactionBudgetItemViewCell.xib in Resources */,
				7637A63222889F31007DD20B /* BudgetSectionTableViewCell.xib in Resources */,
				764AFD92226E7061007BFD90 /* LaunchScreen.storyboard in Resources */,
				764AFD8F226E7061007BFD90 /* Assets.xcassets in Resources */,
				7637A647228920BA007DD20B /* ItemTableViewCell.xib in Resources */,
				7637A61C22868C6D007DD20B /* BudgetCollectionViewCell.xib in Resources */,
				7637A61022864DBF007DD20B /* Budget.storyboard in Resources */,
				7637A62B2287EB1E007DD20B /* Summary.storyboard in Resources */,
				76A2FA5C2281FAE90066D594 /* VendorTableViewCell.xib in Resources */,
				76A2FA4E2280B4520066D594 /* TransactionTableViewCell.xib in Resources */,
				7637A61422864F23007DD20B /* BudgetItemTableViewCell.xib in Resources */,
				764AFD8D226E7060007BFD90 /* Main.storyboard in Resources */,
				76A2FA582281F94E0066D594 /* DateTableViewCell.xib in Resources */,
				76A2FA5A2281FA430066D594 /* AmountTableViewCell.xib in Resources */,
				7637A6422288FED8007DD20B /* SelectBudgetItemTableViewCell.xib in Resources */,
				76B548D322915C7D001B2FB1 /* ImageViewTableViewCell.xib in Resources */,
				76A2FA642282229D0066D594 /* Transactions.storyboard in Resources */,
				7637A6232287ACEF007DD20B /* AddTransactionBudgetItemTableViewCell.xib in Resources */,
			);
			runOnlyForDeploymentPostprocessing = 0;
		};
		764AFD96226E7061007BFD90 /* Resources */ = {
			isa = PBXResourcesBuildPhase;
			buildActionMask = 2147483647;
			files = (
			);
			runOnlyForDeploymentPostprocessing = 0;
		};
		764AFDA1226E7061007BFD90 /* Resources */ = {
			isa = PBXResourcesBuildPhase;
			buildActionMask = 2147483647;
			files = (
			);
			runOnlyForDeploymentPostprocessing = 0;
		};
/* End PBXResourcesBuildPhase section */

/* Begin PBXSourcesBuildPhase section */
		764AFD80226E7060007BFD90 /* Sources */ = {
			isa = PBXSourcesBuildPhase;
			buildActionMask = 2147483647;
			files = (
				76A2FA5E2281FB700066D594 /* DateTableViewCell.swift in Sources */,
				7637A61E2286B1E1007DD20B /* BudgetItemID.swift in Sources */,
				76A2FA7722851E730066D594 /* DateExtension.swift in Sources */,
				7637A64922892196007DD20B /* ItemTableViewCell.swift in Sources */,
				76B548C222913E8E001B2FB1 /* ReusableIdentifier.swift in Sources */,
				7637A6402288FB5F007DD20B /* SelectBudgetItemListTableView.swift in Sources */,
				7689F71B2271874900AD4225 /* Item.swift in Sources */,
				7689F7152270E39900AD4225 /* TransactionType.swift in Sources */,
				76B548C022913DB4001B2FB1 /* ConfigurableCell.swift in Sources */,
				7637A62E2287EE4D007DD20B /* MoneyTextField.swift in Sources */,
				7637A618228653E7007DD20B /* BudgetViewController.swift in Sources */,
				7637A6302288997F007DD20B /* BudgetItemSection.swift in Sources */,
				76A2FA6A22824CFE0066D594 /* AddTransactionSegue.swift in Sources */,
				76B548D522915D14001B2FB1 /* ImageViewTableViewCell.swift in Sources */,
				764AFD8A226E7060007BFD90 /* ViewController.swift in Sources */,
				76B548D822916195001B2FB1 /* AddTransactionImageViewController.swift in Sources */,
				7637A63E2288F0C9007DD20B /* AddBudgetItemsViewController.swift in Sources */,
				7637A63C2288E74F007DD20B /* AddBudgetItemSegue.swift in Sources */,
				76A2FA67228248220066D594 /* PaymentType.swift in Sources */,
				76A2FA7422851B7D0066D594 /* DateFormatterFactory.swift in Sources */,
				764AFDBE226EC42D007BFD90 /* AccountViewController.swift in Sources */,
				76B548BD229135DE001B2FB1 /* LocalAccess.swift in Sources */,
				7689F7112270E2FC00AD4225 /* Transaction.swift in Sources */,
				76A2FA562281F8BE0066D594 /* AddTransactionViewController.swift in Sources */,
				76A2FA6E228375970066D594 /* TransactionID.swift in Sources */,
				764AFD88226E7060007BFD90 /* AppDelegate.swift in Sources */,
				76A2FA4C2280B4300066D594 /* TransactionTableViewCell.swift in Sources */,
				76E3CBE8227FEEAC0010625A /* Currency.swift in Sources */,
				7637A60D22862B6B007DD20B /* BudgetStore.swift in Sources */,
				76A2FA622281FBE60066D594 /* VendorTableViewCell.swift in Sources */,
				7637A6202286B3CB007DD20B /* BudgetItemCategory.swift in Sources */,
				76A2FA462280B0740066D594 /* TransactionListViewController.swift in Sources */,
				76A2FA602281FBDD0066D594 /* AmountTableViewCell.swift in Sources */,
				7637A6442288FF26007DD20B /* SelectBudgetItemTableViewCell.swift in Sources */,
				7637A61622864FC5007DD20B /* BudgetItemTableViewCell.swift in Sources */,
				7637A6252287AE00007DD20B /* AddTransactionBudgetItemTableViewCell.swift in Sources */,
				7637A6282287EAB4007DD20B /* PieChartView.swift in Sources */,
				764AFDBC226EC377007BFD90 /* SettingsTableViewCell.swift in Sources */,
				76A2FA70228377080066D594 /* TransactionStore.swift in Sources */,
				7637A63422889F8D007DD20B /* BudgetSectionTableViewCell.swift in Sources */,
				7689F7192270E6F600AD4225 /* BudgetItem.swift in Sources */,
				76A2FA722284FEFC0066D594 /* TransactionDate.swift in Sources */,
				7689F7132270E31A00AD4225 /* Budget.swift in Sources */,
				7637A6382288AF75007DD20B /* BudgetItemListTableView.swift in Sources */,
				764AFDBA226EC283007BFD90 /* SettingsTableViewController.swift in Sources */,
				7637A61A22868C32007DD20B /* BudgetCollectionViewCell.swift in Sources */,
			);
			runOnlyForDeploymentPostprocessing = 0;
		};
		764AFD94226E7061007BFD90 /* Sources */ = {
			isa = PBXSourcesBuildPhase;
			buildActionMask = 2147483647;
			files = (
				764AFD9D226E7061007BFD90 /* SpearmintTests.swift in Sources */,
				76B548BB22913069001B2FB1 /* CurrenyTests.swift in Sources */,
			);
			runOnlyForDeploymentPostprocessing = 0;
		};
		764AFD9F226E7061007BFD90 /* Sources */ = {
			isa = PBXSourcesBuildPhase;
			buildActionMask = 2147483647;
			files = (
				764AFDA8226E7061007BFD90 /* SpearmintUITests.swift in Sources */,
			);
			runOnlyForDeploymentPostprocessing = 0;
		};
/* End PBXSourcesBuildPhase section */

/* Begin PBXTargetDependency section */
		764AFD9A226E7061007BFD90 /* PBXTargetDependency */ = {
			isa = PBXTargetDependency;
			target = 764AFD83226E7060007BFD90 /* Spearmint */;
			targetProxy = 764AFD99226E7061007BFD90 /* PBXContainerItemProxy */;
		};
		764AFDA5226E7061007BFD90 /* PBXTargetDependency */ = {
			isa = PBXTargetDependency;
			target = 764AFD83226E7060007BFD90 /* Spearmint */;
			targetProxy = 764AFDA4226E7061007BFD90 /* PBXContainerItemProxy */;
		};
/* End PBXTargetDependency section */

/* Begin PBXVariantGroup section */
		7637A60E22864DBF007DD20B /* Budget.storyboard */ = {
			isa = PBXVariantGroup;
			children = (
				7637A60F22864DBF007DD20B /* Base */,
			);
			name = Budget.storyboard;
			sourceTree = "<group>";
		};
		7637A6292287EB1E007DD20B /* Summary.storyboard */ = {
			isa = PBXVariantGroup;
			children = (
				7637A62A2287EB1E007DD20B /* Base */,
			);
			name = Summary.storyboard;
			sourceTree = "<group>";
		};
		764AFD8B226E7060007BFD90 /* Main.storyboard */ = {
			isa = PBXVariantGroup;
			children = (
				764AFD8C226E7060007BFD90 /* Base */,
			);
			name = Main.storyboard;
			sourceTree = "<group>";
		};
		764AFD90226E7061007BFD90 /* LaunchScreen.storyboard */ = {
			isa = PBXVariantGroup;
			children = (
				764AFD91226E7061007BFD90 /* Base */,
			);
			name = LaunchScreen.storyboard;
			sourceTree = "<group>";
		};
/* End PBXVariantGroup section */

/* Begin XCBuildConfiguration section */
		764AFDAA226E7061007BFD90 /* Debug */ = {
			isa = XCBuildConfiguration;
			buildSettings = {
				ALWAYS_SEARCH_USER_PATHS = NO;
				CLANG_ANALYZER_NONNULL = YES;
				CLANG_ANALYZER_NUMBER_OBJECT_CONVERSION = YES_AGGRESSIVE;
				CLANG_CXX_LANGUAGE_STANDARD = "gnu++14";
				CLANG_CXX_LIBRARY = "libc++";
				CLANG_ENABLE_MODULES = YES;
				CLANG_ENABLE_OBJC_ARC = YES;
				CLANG_ENABLE_OBJC_WEAK = YES;
				CLANG_WARN_BLOCK_CAPTURE_AUTORELEASING = YES;
				CLANG_WARN_BOOL_CONVERSION = YES;
				CLANG_WARN_COMMA = YES;
				CLANG_WARN_CONSTANT_CONVERSION = YES;
				CLANG_WARN_DEPRECATED_OBJC_IMPLEMENTATIONS = YES;
				CLANG_WARN_DIRECT_OBJC_ISA_USAGE = YES_ERROR;
				CLANG_WARN_DOCUMENTATION_COMMENTS = YES;
				CLANG_WARN_EMPTY_BODY = YES;
				CLANG_WARN_ENUM_CONVERSION = YES;
				CLANG_WARN_INFINITE_RECURSION = YES;
				CLANG_WARN_INT_CONVERSION = YES;
				CLANG_WARN_NON_LITERAL_NULL_CONVERSION = YES;
				CLANG_WARN_OBJC_IMPLICIT_RETAIN_SELF = YES;
				CLANG_WARN_OBJC_LITERAL_CONVERSION = YES;
				CLANG_WARN_OBJC_ROOT_CLASS = YES_ERROR;
				CLANG_WARN_RANGE_LOOP_ANALYSIS = YES;
				CLANG_WARN_STRICT_PROTOTYPES = YES;
				CLANG_WARN_SUSPICIOUS_MOVE = YES;
				CLANG_WARN_UNGUARDED_AVAILABILITY = YES_AGGRESSIVE;
				CLANG_WARN_UNREACHABLE_CODE = YES;
				CLANG_WARN__DUPLICATE_METHOD_MATCH = YES;
				CODE_SIGN_IDENTITY = "iPhone Developer";
				COPY_PHASE_STRIP = NO;
				DEBUG_INFORMATION_FORMAT = dwarf;
				ENABLE_STRICT_OBJC_MSGSEND = YES;
				ENABLE_TESTABILITY = YES;
				GCC_C_LANGUAGE_STANDARD = gnu11;
				GCC_DYNAMIC_NO_PIC = NO;
				GCC_NO_COMMON_BLOCKS = YES;
				GCC_OPTIMIZATION_LEVEL = 0;
				GCC_PREPROCESSOR_DEFINITIONS = (
					"DEBUG=1",
					"$(inherited)",
				);
				GCC_WARN_64_TO_32_BIT_CONVERSION = YES;
				GCC_WARN_ABOUT_RETURN_TYPE = YES_ERROR;
				GCC_WARN_UNDECLARED_SELECTOR = YES;
				GCC_WARN_UNINITIALIZED_AUTOS = YES_AGGRESSIVE;
				GCC_WARN_UNUSED_FUNCTION = YES;
				GCC_WARN_UNUSED_VARIABLE = YES;
				IPHONEOS_DEPLOYMENT_TARGET = 12.2;
				MTL_ENABLE_DEBUG_INFO = INCLUDE_SOURCE;
				MTL_FAST_MATH = YES;
				ONLY_ACTIVE_ARCH = YES;
				SDKROOT = iphoneos;
				SWIFT_ACTIVE_COMPILATION_CONDITIONS = DEBUG;
				SWIFT_OPTIMIZATION_LEVEL = "-Onone";
			};
			name = Debug;
		};
		764AFDAB226E7061007BFD90 /* Release */ = {
			isa = XCBuildConfiguration;
			buildSettings = {
				ALWAYS_SEARCH_USER_PATHS = NO;
				CLANG_ANALYZER_NONNULL = YES;
				CLANG_ANALYZER_NUMBER_OBJECT_CONVERSION = YES_AGGRESSIVE;
				CLANG_CXX_LANGUAGE_STANDARD = "gnu++14";
				CLANG_CXX_LIBRARY = "libc++";
				CLANG_ENABLE_MODULES = YES;
				CLANG_ENABLE_OBJC_ARC = YES;
				CLANG_ENABLE_OBJC_WEAK = YES;
				CLANG_WARN_BLOCK_CAPTURE_AUTORELEASING = YES;
				CLANG_WARN_BOOL_CONVERSION = YES;
				CLANG_WARN_COMMA = YES;
				CLANG_WARN_CONSTANT_CONVERSION = YES;
				CLANG_WARN_DEPRECATED_OBJC_IMPLEMENTATIONS = YES;
				CLANG_WARN_DIRECT_OBJC_ISA_USAGE = YES_ERROR;
				CLANG_WARN_DOCUMENTATION_COMMENTS = YES;
				CLANG_WARN_EMPTY_BODY = YES;
				CLANG_WARN_ENUM_CONVERSION = YES;
				CLANG_WARN_INFINITE_RECURSION = YES;
				CLANG_WARN_INT_CONVERSION = YES;
				CLANG_WARN_NON_LITERAL_NULL_CONVERSION = YES;
				CLANG_WARN_OBJC_IMPLICIT_RETAIN_SELF = YES;
				CLANG_WARN_OBJC_LITERAL_CONVERSION = YES;
				CLANG_WARN_OBJC_ROOT_CLASS = YES_ERROR;
				CLANG_WARN_RANGE_LOOP_ANALYSIS = YES;
				CLANG_WARN_STRICT_PROTOTYPES = YES;
				CLANG_WARN_SUSPICIOUS_MOVE = YES;
				CLANG_WARN_UNGUARDED_AVAILABILITY = YES_AGGRESSIVE;
				CLANG_WARN_UNREACHABLE_CODE = YES;
				CLANG_WARN__DUPLICATE_METHOD_MATCH = YES;
				CODE_SIGN_IDENTITY = "iPhone Developer";
				COPY_PHASE_STRIP = NO;
				DEBUG_INFORMATION_FORMAT = "dwarf-with-dsym";
				ENABLE_NS_ASSERTIONS = NO;
				ENABLE_STRICT_OBJC_MSGSEND = YES;
				GCC_C_LANGUAGE_STANDARD = gnu11;
				GCC_NO_COMMON_BLOCKS = YES;
				GCC_WARN_64_TO_32_BIT_CONVERSION = YES;
				GCC_WARN_ABOUT_RETURN_TYPE = YES_ERROR;
				GCC_WARN_UNDECLARED_SELECTOR = YES;
				GCC_WARN_UNINITIALIZED_AUTOS = YES_AGGRESSIVE;
				GCC_WARN_UNUSED_FUNCTION = YES;
				GCC_WARN_UNUSED_VARIABLE = YES;
				IPHONEOS_DEPLOYMENT_TARGET = 12.2;
				MTL_ENABLE_DEBUG_INFO = NO;
				MTL_FAST_MATH = YES;
				SDKROOT = iphoneos;
				SWIFT_COMPILATION_MODE = wholemodule;
				SWIFT_OPTIMIZATION_LEVEL = "-O";
				VALIDATE_PRODUCT = YES;
			};
			name = Release;
		};
		764AFDAD226E7061007BFD90 /* Debug */ = {
			isa = XCBuildConfiguration;
			buildSettings = {
				ASSETCATALOG_COMPILER_APPICON_NAME = AppIcon;
				CODE_SIGN_STYLE = Automatic;
				DEVELOPMENT_TEAM = 9EA4LQDY4N;
				INFOPLIST_FILE = Spearmint/Info.plist;
				LD_RUNPATH_SEARCH_PATHS = (
					"$(inherited)",
					"@executable_path/Frameworks",
				);
				PRODUCT_BUNDLE_IDENTIFIER = brianishii.Spearmint;
				PRODUCT_NAME = "$(TARGET_NAME)";
				SWIFT_VERSION = 5.0;
				TARGETED_DEVICE_FAMILY = "1,2";
			};
			name = Debug;
		};
		764AFDAE226E7061007BFD90 /* Release */ = {
			isa = XCBuildConfiguration;
			buildSettings = {
				ASSETCATALOG_COMPILER_APPICON_NAME = AppIcon;
				CODE_SIGN_STYLE = Automatic;
				DEVELOPMENT_TEAM = 9EA4LQDY4N;
				INFOPLIST_FILE = Spearmint/Info.plist;
				LD_RUNPATH_SEARCH_PATHS = (
					"$(inherited)",
					"@executable_path/Frameworks",
				);
				PRODUCT_BUNDLE_IDENTIFIER = brianishii.Spearmint;
				PRODUCT_NAME = "$(TARGET_NAME)";
				SWIFT_VERSION = 5.0;
				TARGETED_DEVICE_FAMILY = "1,2";
			};
			name = Release;
		};
		764AFDB0226E7061007BFD90 /* Debug */ = {
			isa = XCBuildConfiguration;
			buildSettings = {
				ALWAYS_EMBED_SWIFT_STANDARD_LIBRARIES = YES;
				BUNDLE_LOADER = "$(TEST_HOST)";
				CODE_SIGN_STYLE = Automatic;
				DEVELOPMENT_TEAM = 9EA4LQDY4N;
				INFOPLIST_FILE = SpearmintTests/Info.plist;
				LD_RUNPATH_SEARCH_PATHS = (
					"$(inherited)",
					"@executable_path/Frameworks",
					"@loader_path/Frameworks",
				);
				PRODUCT_BUNDLE_IDENTIFIER = brianishii.SpearmintTests;
				PRODUCT_NAME = "$(TARGET_NAME)";
				SWIFT_VERSION = 5.0;
				TARGETED_DEVICE_FAMILY = "1,2";
				TEST_HOST = "$(BUILT_PRODUCTS_DIR)/Spearmint.app/Spearmint";
			};
			name = Debug;
		};
		764AFDB1226E7061007BFD90 /* Release */ = {
			isa = XCBuildConfiguration;
			buildSettings = {
				ALWAYS_EMBED_SWIFT_STANDARD_LIBRARIES = YES;
				BUNDLE_LOADER = "$(TEST_HOST)";
				CODE_SIGN_STYLE = Automatic;
				DEVELOPMENT_TEAM = 9EA4LQDY4N;
				INFOPLIST_FILE = SpearmintTests/Info.plist;
				LD_RUNPATH_SEARCH_PATHS = (
					"$(inherited)",
					"@executable_path/Frameworks",
					"@loader_path/Frameworks",
				);
				PRODUCT_BUNDLE_IDENTIFIER = brianishii.SpearmintTests;
				PRODUCT_NAME = "$(TARGET_NAME)";
				SWIFT_VERSION = 5.0;
				TARGETED_DEVICE_FAMILY = "1,2";
				TEST_HOST = "$(BUILT_PRODUCTS_DIR)/Spearmint.app/Spearmint";
			};
			name = Release;
		};
		764AFDB3226E7061007BFD90 /* Debug */ = {
			isa = XCBuildConfiguration;
			buildSettings = {
				ALWAYS_EMBED_SWIFT_STANDARD_LIBRARIES = YES;
				CODE_SIGN_STYLE = Automatic;
				DEVELOPMENT_TEAM = 9EA4LQDY4N;
				INFOPLIST_FILE = SpearmintUITests/Info.plist;
				LD_RUNPATH_SEARCH_PATHS = (
					"$(inherited)",
					"@executable_path/Frameworks",
					"@loader_path/Frameworks",
				);
				PRODUCT_BUNDLE_IDENTIFIER = brianishii.SpearmintUITests;
				PRODUCT_NAME = "$(TARGET_NAME)";
				SWIFT_VERSION = 5.0;
				TARGETED_DEVICE_FAMILY = "1,2";
				TEST_TARGET_NAME = Spearmint;
			};
			name = Debug;
		};
		764AFDB4226E7061007BFD90 /* Release */ = {
			isa = XCBuildConfiguration;
			buildSettings = {
				ALWAYS_EMBED_SWIFT_STANDARD_LIBRARIES = YES;
				CODE_SIGN_STYLE = Automatic;
				DEVELOPMENT_TEAM = 9EA4LQDY4N;
				INFOPLIST_FILE = SpearmintUITests/Info.plist;
				LD_RUNPATH_SEARCH_PATHS = (
					"$(inherited)",
					"@executable_path/Frameworks",
					"@loader_path/Frameworks",
				);
				PRODUCT_BUNDLE_IDENTIFIER = brianishii.SpearmintUITests;
				PRODUCT_NAME = "$(TARGET_NAME)";
				SWIFT_VERSION = 5.0;
				TARGETED_DEVICE_FAMILY = "1,2";
				TEST_TARGET_NAME = Spearmint;
			};
			name = Release;
		};
/* End XCBuildConfiguration section */

/* Begin XCConfigurationList section */
		764AFD7F226E7060007BFD90 /* Build configuration list for PBXProject "Spearmint" */ = {
			isa = XCConfigurationList;
			buildConfigurations = (
				764AFDAA226E7061007BFD90 /* Debug */,
				764AFDAB226E7061007BFD90 /* Release */,
			);
			defaultConfigurationIsVisible = 0;
			defaultConfigurationName = Release;
		};
		764AFDAC226E7061007BFD90 /* Build configuration list for PBXNativeTarget "Spearmint" */ = {
			isa = XCConfigurationList;
			buildConfigurations = (
				764AFDAD226E7061007BFD90 /* Debug */,
				764AFDAE226E7061007BFD90 /* Release */,
			);
			defaultConfigurationIsVisible = 0;
			defaultConfigurationName = Release;
		};
		764AFDAF226E7061007BFD90 /* Build configuration list for PBXNativeTarget "SpearmintTests" */ = {
			isa = XCConfigurationList;
			buildConfigurations = (
				764AFDB0226E7061007BFD90 /* Debug */,
				764AFDB1226E7061007BFD90 /* Release */,
			);
			defaultConfigurationIsVisible = 0;
			defaultConfigurationName = Release;
		};
		764AFDB2226E7061007BFD90 /* Build configuration list for PBXNativeTarget "SpearmintUITests" */ = {
			isa = XCConfigurationList;
			buildConfigurations = (
				764AFDB3226E7061007BFD90 /* Debug */,
				764AFDB4226E7061007BFD90 /* Release */,
			);
			defaultConfigurationIsVisible = 0;
			defaultConfigurationName = Release;
		};
/* End XCConfigurationList section */
	};
	rootObject = 764AFD7C226E7060007BFD90 /* Project object */;
}
